
Microsoft Visual Studio Solution File, Format Version 12.00
# Visual Studio Version 16
VisualStudioVersion = 16.0.30523.141
MinimumVisualStudioVersion = 10.0.40219.1
Project("{FAE04EC0-301F-11D3-BF4B-00C04F79EFBC}") = "Task", "Task\Task.csproj", "{51D7D699-F74F-4BB6-B7CE-3970FC5EB46D}"
EndProject
Project("{FAE04EC0-301F-11D3-BF4B-00C04F79EFBC}") = "Task2", "Task2\Task2.csproj", "{A32649AF-4DA1-4D30-A928-051E0F4E0E11}"
EndProject
Project("{FAE04EC0-301F-11D3-BF4B-00C04F79EFBC}") = "Task4", "Task4\Task4.csproj", "{E2AAD9AC-7CB9-42AA-B721-D1A7B49BC407}"
EndProject
Project("{FAE04EC0-301F-11D3-BF4B-00C04F79EFBC}") = "Task3", "Task3\Task3.csproj", "{6A679506-8CF3-499B-BE61-586A79D2F380}"
EndProject
Global
	GlobalSection(SolutionConfigurationPlatforms) = preSolution
		Debug|Any CPU = Debug|Any CPU
		Release|Any CPU = Release|Any CPU
	EndGlobalSection
	GlobalSection(ProjectConfigurationPlatforms) = postSolution
		{51D7D699-F74F-4BB6-B7CE-3970FC5EB46D}.Debug|Any CPU.ActiveCfg = Debug|Any CPU
		{51D7D699-F74F-4BB6-B7CE-3970FC5EB46D}.Debug|Any CPU.Build.0 = Debug|Any CPU
		{51D7D699-F74F-4BB6-B7CE-3970FC5EB46D}.Release|Any CPU.ActiveCfg = Release|Any CPU
		{51D7D699-F74F-4BB6-B7CE-3970FC5EB46D}.Release|Any CPU.Build.0 = Release|Any CPU
		{A32649AF-4DA1-4D30-A928-051E0F4E0E11}.Debug|Any CPU.ActiveCfg = Debug|Any CPU
		{A32649AF-4DA1-4D30-A928-051E0F4E0E11}.Debug|Any CPU.Build.0 = Debug|Any CPU
		{A32649AF-4DA1-4D30-A928-051E0F4E0E11}.Release|Any CPU.ActiveCfg = Release|Any CPU
		{A32649AF-4DA1-4D30-A928-051E0F4E0E11}.Release|Any CPU.Build.0 = Release|Any CPU
		{E2AAD9AC-7CB9-42AA-B721-D1A7B49BC407}.Debug|Any CPU.ActiveCfg = Debug|Any CPU
		{E2AAD9AC-7CB9-42AA-B721-D1A7B49BC407}.Debug|Any CPU.Build.0 = Debug|Any CPU
		{E2AAD9AC-7CB9-42AA-B721-D1A7B49BC407}.Release|Any CPU.ActiveCfg = Release|Any CPU
		{E2AAD9AC-7CB9-42AA-B721-D1A7B49BC407}.Release|Any CPU.Build.0 = Release|Any CPU
		{6A679506-8CF3-499B-BE61-586A79D2F380}.Debug|Any CPU.ActiveCfg = Debug|Any CPU
		{6A679506-8CF3-499B-BE61-586A79D2F380}.Debug|Any CPU.Build.0 = Debug|Any CPU
		{6A679506-8CF3-499B-BE61-586A79D2F380}.Release|Any CPU.ActiveCfg = Release|Any CPU
		{6A679506-8CF3-499B-BE61-586A79D2F380}.Release|Any CPU.Build.0 = Release|Any CPU
	EndGlobalSection
	GlobalSection(SolutionProperties) = preSolution
		HideSolutionNode = FALSE
	EndGlobalSection
	GlobalSection(ExtensibilityGlobals) = postSolution
		SolutionGuid = {9B190439-6D43-4023-8334-9D4F9F08E888}
	EndGlobalSection
EndGlobal
